
Microsoft Visual Studio Solution File, Format Version 12.00
# Visual Studio Version 17
VisualStudioVersion = 17.8.34330.188
MinimumVisualStudioVersion = 10.0.40219.1
Project("{FAE04EC0-301F-11D3-BF4B-00C04F79EFBC}") = "Teste", "Teste\Teste.csproj", "{7E5E6BED-1A6B-4386-9B07-CF5A6618A5ED}"
EndProject
Global
	GlobalSection(SolutionConfigurationPlatforms) = preSolution
		Debug|Any CPU = Debug|Any CPU
		Release|Any CPU = Release|Any CPU
	EndGlobalSection
	GlobalSection(ProjectConfigurationPlatforms) = postSolution
		{7E5E6BED-1A6B-4386-9B07-CF5A6618A5ED}.Debug|Any CPU.ActiveCfg = Debug|Any CPU
		{7E5E6BED-1A6B-4386-9B07-CF5A6618A5ED}.Debug|Any CPU.Build.0 = Debug|Any CPU
		{7E5E6BED-1A6B-4386-9B07-CF5A6618A5ED}.Release|Any CPU.ActiveCfg = Release|Any CPU
		{7E5E6BED-1A6B-4386-9B07-CF5A6618A5ED}.Release|Any CPU.Build.0 = Release|Any CPU
	EndGlobalSection
	GlobalSection(SolutionProperties) = preSolution
		HideSolutionNode = FALSE
	EndGlobalSection
	GlobalSection(ExtensibilityGlobals) = postSolution
		SolutionGuid = {94627AE9-981B-420B-B2E6-B9A9FF44A088}
	EndGlobalSection
EndGlobal
