
Microsoft Visual Studio Solution File, Format Version 12.00
# Visual Studio Version 17
VisualStudioVersion = 17.8.34330.188
MinimumVisualStudioVersion = 10.0.40219.1
Project("{FAE04EC0-301F-11D3-BF4B-00C04F79EFBC}") = "AlunoApi", "AlunoApi\AlunoApi.csproj", "{7EC837A7-3147-4957-A7F4-9C32EB30E1C8}"
EndProject
Global
	GlobalSection(SolutionConfigurationPlatforms) = preSolution
		Debug|Any CPU = Debug|Any CPU
		Release|Any CPU = Release|Any CPU
	EndGlobalSection
	GlobalSection(ProjectConfigurationPlatforms) = postSolution
		{7EC837A7-3147-4957-A7F4-9C32EB30E1C8}.Debug|Any CPU.ActiveCfg = Debug|Any CPU
		{7EC837A7-3147-4957-A7F4-9C32EB30E1C8}.Debug|Any CPU.Build.0 = Debug|Any CPU
		{7EC837A7-3147-4957-A7F4-9C32EB30E1C8}.Release|Any CPU.ActiveCfg = Release|Any CPU
		{7EC837A7-3147-4957-A7F4-9C32EB30E1C8}.Release|Any CPU.Build.0 = Release|Any CPU
	EndGlobalSection
	GlobalSection(SolutionProperties) = preSolution
		HideSolutionNode = FALSE
	EndGlobalSection
	GlobalSection(ExtensibilityGlobals) = postSolution
		SolutionGuid = {0B3C01A5-08AB-4AB7-A754-95E687F9C94F}
	EndGlobalSection
EndGlobal
